
Microsoft Visual Studio Solution File, Format Version 12.00
# Visual Studio Version 16
VisualStudioVersion = 16.0.31402.337
MinimumVisualStudioVersion = 10.0.40219.1
Project("{9A19103F-16F7-4668-BE54-9A1E7A4F7556}") = "ISMFirstConsoleProject", "ISMFirstConsoleProject\ISMFirstConsoleProject.csproj", "{2F36DBF2-A372-4BB6-94CE-7079AD819001}"
EndProject
Project("{FAE04EC0-301F-11D3-BF4B-00C04F79EFBC}") = "ISMSecondConsoleProject", "ISMSecondConsoleProject\ISMSecondConsoleProject.csproj", "{1DF63460-5792-4DA6-B076-D417C1722A3D}"
EndProject
Global
	GlobalSection(SolutionConfigurationPlatforms) = preSolution
		Debug|Any CPU = Debug|Any CPU
		Debug|x64 = Debug|x64
		Debug|x86 = Debug|x86
		Release|Any CPU = Release|Any CPU
		Release|x64 = Release|x64
		Release|x86 = Release|x86
	EndGlobalSection
	GlobalSection(ProjectConfigurationPlatforms) = postSolution
		{2F36DBF2-A372-4BB6-94CE-7079AD819001}.Debug|Any CPU.ActiveCfg = Debug|Any CPU
		{2F36DBF2-A372-4BB6-94CE-7079AD819001}.Debug|Any CPU.Build.0 = Debug|Any CPU
		{2F36DBF2-A372-4BB6-94CE-7079AD819001}.Debug|x64.ActiveCfg = Debug|Any CPU
		{2F36DBF2-A372-4BB6-94CE-7079AD819001}.Debug|x64.Build.0 = Debug|Any CPU
		{2F36DBF2-A372-4BB6-94CE-7079AD819001}.Debug|x86.ActiveCfg = Debug|Any CPU
		{2F36DBF2-A372-4BB6-94CE-7079AD819001}.Debug|x86.Build.0 = Debug|Any CPU
		{2F36DBF2-A372-4BB6-94CE-7079AD819001}.Release|Any CPU.ActiveCfg = Release|Any CPU
		{2F36DBF2-A372-4BB6-94CE-7079AD819001}.Release|Any CPU.Build.0 = Release|Any CPU
		{2F36DBF2-A372-4BB6-94CE-7079AD819001}.Release|x64.ActiveCfg = Release|Any CPU
		{2F36DBF2-A372-4BB6-94CE-7079AD819001}.Release|x64.Build.0 = Release|Any CPU
		{2F36DBF2-A372-4BB6-94CE-7079AD819001}.Release|x86.ActiveCfg = Release|Any CPU
		{2F36DBF2-A372-4BB6-94CE-7079AD819001}.Release|x86.Build.0 = Release|Any CPU
		{1DF63460-5792-4DA6-B076-D417C1722A3D}.Debug|Any CPU.ActiveCfg = Debug|Any CPU
		{1DF63460-5792-4DA6-B076-D417C1722A3D}.Debug|Any CPU.Build.0 = Debug|Any CPU
		{1DF63460-5792-4DA6-B076-D417C1722A3D}.Debug|x64.ActiveCfg = Debug|Any CPU
		{1DF63460-5792-4DA6-B076-D417C1722A3D}.Debug|x64.Build.0 = Debug|Any CPU
		{1DF63460-5792-4DA6-B076-D417C1722A3D}.Debug|x86.ActiveCfg = Debug|Any CPU
		{1DF63460-5792-4DA6-B076-D417C1722A3D}.Debug|x86.Build.0 = Debug|Any CPU
		{1DF63460-5792-4DA6-B076-D417C1722A3D}.Release|Any CPU.ActiveCfg = Release|Any CPU
		{1DF63460-5792-4DA6-B076-D417C1722A3D}.Release|Any CPU.Build.0 = Release|Any CPU
		{1DF63460-5792-4DA6-B076-D417C1722A3D}.Release|x64.ActiveCfg = Release|Any CPU
		{1DF63460-5792-4DA6-B076-D417C1722A3D}.Release|x64.Build.0 = Release|Any CPU
		{1DF63460-5792-4DA6-B076-D417C1722A3D}.Release|x86.ActiveCfg = Release|Any CPU
		{1DF63460-5792-4DA6-B076-D417C1722A3D}.Release|x86.Build.0 = Release|Any CPU
	EndGlobalSection
	GlobalSection(SolutionProperties) = preSolution
		HideSolutionNode = FALSE
	EndGlobalSection
	GlobalSection(ExtensibilityGlobals) = postSolution
		SolutionGuid = {948026FB-1A01-4CF9-8EA3-9351D9ED64C5}
	EndGlobalSection
EndGlobal
